
Microsoft Visual Studio Solution File, Format Version 12.00
# Visual Studio 15
VisualStudioVersion = 15.0.28307.2017
MinimumVisualStudioVersion = 10.0.40219.1
Project("{FAE04EC0-301F-11D3-BF4B-00C04F79EFBC}") = "zadanie 2", "zadanie 2\zadanie 2.csproj", "{1553AF68-E274-416D-9748-9ADB36A3BA71}"
EndProject
Global
	GlobalSection(SolutionConfigurationPlatforms) = preSolution
		Debug|Any CPU = Debug|Any CPU
		Release|Any CPU = Release|Any CPU
	EndGlobalSection
	GlobalSection(ProjectConfigurationPlatforms) = postSolution
		{1553AF68-E274-416D-9748-9ADB36A3BA71}.Debug|Any CPU.ActiveCfg = Debug|Any CPU
		{1553AF68-E274-416D-9748-9ADB36A3BA71}.Debug|Any CPU.Build.0 = Debug|Any CPU
		{1553AF68-E274-416D-9748-9ADB36A3BA71}.Release|Any CPU.ActiveCfg = Release|Any CPU
		{1553AF68-E274-416D-9748-9ADB36A3BA71}.Release|Any CPU.Build.0 = Release|Any CPU
	EndGlobalSection
	GlobalSection(SolutionProperties) = preSolution
		HideSolutionNode = FALSE
	EndGlobalSection
	GlobalSection(ExtensibilityGlobals) = postSolution
		SolutionGuid = {AB9ADD3C-6F85-451D-AD4F-E8E87A645A3B}
	EndGlobalSection
EndGlobal
